
Microsoft Visual Studio Solution File, Format Version 12.00
# Visual Studio Version 16
VisualStudioVersion = 16.0.30517.126
MinimumVisualStudioVersion = 10.0.40219.1
Project("{FAE04EC0-301F-11D3-BF4B-00C04F79EFBC}") = "korcsolya", "korcsolya\korcsolya.csproj", "{54C689B7-B7DF-466C-AFCF-1AA1ABB11F59}"
EndProject
Global
	GlobalSection(SolutionConfigurationPlatforms) = preSolution
		Debug|Any CPU = Debug|Any CPU
		Release|Any CPU = Release|Any CPU
	EndGlobalSection
	GlobalSection(ProjectConfigurationPlatforms) = postSolution
		{54C689B7-B7DF-466C-AFCF-1AA1ABB11F59}.Debug|Any CPU.ActiveCfg = Debug|Any CPU
		{54C689B7-B7DF-466C-AFCF-1AA1ABB11F59}.Debug|Any CPU.Build.0 = Debug|Any CPU
		{54C689B7-B7DF-466C-AFCF-1AA1ABB11F59}.Release|Any CPU.ActiveCfg = Release|Any CPU
		{54C689B7-B7DF-466C-AFCF-1AA1ABB11F59}.Release|Any CPU.Build.0 = Release|Any CPU
	EndGlobalSection
	GlobalSection(SolutionProperties) = preSolution
		HideSolutionNode = FALSE
	EndGlobalSection
	GlobalSection(ExtensibilityGlobals) = postSolution
		SolutionGuid = {F5799225-E5E8-464E-9122-7FFF3CB6ED26}
	EndGlobalSection
EndGlobal
